
Microsoft Visual Studio Solution File, Format Version 12.00
# Visual Studio Version 16
VisualStudioVersion = 16.0.29709.97
MinimumVisualStudioVersion = 10.0.40219.1
Project("{FAE04EC0-301F-11D3-BF4B-00C04F79EFBC}") = "LAB_REPOS", "LAB_REPOS\LAB_REPOS.csproj", "{5F67DCE5-BF6A-436D-8D0D-D337830BFABD}"
EndProject
Global
	GlobalSection(SolutionConfigurationPlatforms) = preSolution
		Debug|Any CPU = Debug|Any CPU
		Release|Any CPU = Release|Any CPU
	EndGlobalSection
	GlobalSection(ProjectConfigurationPlatforms) = postSolution
		{5F67DCE5-BF6A-436D-8D0D-D337830BFABD}.Debug|Any CPU.ActiveCfg = Debug|Any CPU
		{5F67DCE5-BF6A-436D-8D0D-D337830BFABD}.Debug|Any CPU.Build.0 = Debug|Any CPU
		{5F67DCE5-BF6A-436D-8D0D-D337830BFABD}.Release|Any CPU.ActiveCfg = Release|Any CPU
		{5F67DCE5-BF6A-436D-8D0D-D337830BFABD}.Release|Any CPU.Build.0 = Release|Any CPU
	EndGlobalSection
	GlobalSection(SolutionProperties) = preSolution
		HideSolutionNode = FALSE
	EndGlobalSection
	GlobalSection(ExtensibilityGlobals) = postSolution
		SolutionGuid = {EE1322AB-A34A-43D1-91E8-0D6D3941C4E4}
	EndGlobalSection
EndGlobal
